
Microsoft Visual Studio Solution File, Format Version 12.00
# Visual Studio Version 17
VisualStudioVersion = 17.12.35527.113 d17.12
MinimumVisualStudioVersion = 10.0.40219.1
Project("{FAE04EC0-301F-11D3-BF4B-00C04F79EFBC}") = "HE170292_SE1814-NET_A01", "HE170292_SE1814-NET_A01\HE170292_SE1814-NET_A01.csproj", "{81521313-E862-42D0-A500-CEBE927B543B}"
EndProject
Global
	GlobalSection(SolutionConfigurationPlatforms) = preSolution
		Debug|Any CPU = Debug|Any CPU
		Release|Any CPU = Release|Any CPU
	EndGlobalSection
	GlobalSection(ProjectConfigurationPlatforms) = postSolution
		{81521313-E862-42D0-A500-CEBE927B543B}.Debug|Any CPU.ActiveCfg = Debug|Any CPU
		{81521313-E862-42D0-A500-CEBE927B543B}.Debug|Any CPU.Build.0 = Debug|Any CPU
		{81521313-E862-42D0-A500-CEBE927B543B}.Release|Any CPU.ActiveCfg = Release|Any CPU
		{81521313-E862-42D0-A500-CEBE927B543B}.Release|Any CPU.Build.0 = Release|Any CPU
	EndGlobalSection
	GlobalSection(SolutionProperties) = preSolution
		HideSolutionNode = FALSE
	EndGlobalSection
EndGlobal
